
Microsoft Visual Studio Solution File, Format Version 12.00
# Visual Studio Version 17
VisualStudioVersion = 17.1.32228.430
MinimumVisualStudioVersion = 10.0.40219.1
Project("{FAE04EC0-301F-11D3-BF4B-00C04F79EFBC}") = "BookSaleWeb", "BookSaleWeb\BookSaleWeb.csproj", "{0393DAB4-EA97-411F-AC65-A91827D74B26}"
EndProject
Global
	GlobalSection(SolutionConfigurationPlatforms) = preSolution
		Debug|Any CPU = Debug|Any CPU
		Release|Any CPU = Release|Any CPU
	EndGlobalSection
	GlobalSection(ProjectConfigurationPlatforms) = postSolution
		{0393DAB4-EA97-411F-AC65-A91827D74B26}.Debug|Any CPU.ActiveCfg = Debug|Any CPU
		{0393DAB4-EA97-411F-AC65-A91827D74B26}.Debug|Any CPU.Build.0 = Debug|Any CPU
		{0393DAB4-EA97-411F-AC65-A91827D74B26}.Release|Any CPU.ActiveCfg = Release|Any CPU
		{0393DAB4-EA97-411F-AC65-A91827D74B26}.Release|Any CPU.Build.0 = Release|Any CPU
	EndGlobalSection
	GlobalSection(SolutionProperties) = preSolution
		HideSolutionNode = FALSE
	EndGlobalSection
	GlobalSection(ExtensibilityGlobals) = postSolution
		SolutionGuid = {DA5F307D-3456-4F5F-947E-2609239B3AC3}
	EndGlobalSection
EndGlobal
