
Microsoft Visual Studio Solution File, Format Version 12.00
# Visual Studio Version 17
VisualStudioVersion = 17.1.32228.430
MinimumVisualStudioVersion = 10.0.40219.1
Project("{9A19103F-16F7-4668-BE54-9A1E7A4F7556}") = "BookSaleWeb", "BookSaleWeb\BookSaleWeb.csproj", "{0393DAB4-EA97-411F-AC65-A91827D74B26}"
EndProject
Project("{FAE04EC0-301F-11D3-BF4B-00C04F79EFBC}") = "BookSale.DataAccess", "BookSale.DataAccess\BookSale.DataAccess.csproj", "{0FB17592-F716-4D2B-8BFB-4FF38D2AEF15}"
EndProject
Project("{FAE04EC0-301F-11D3-BF4B-00C04F79EFBC}") = "BookSale.Models", "BookSale.Models\BookSale.Models.csproj", "{40CE0225-4DC2-4E94-B76E-B0B06C1856EC}"
EndProject
Project("{FAE04EC0-301F-11D3-BF4B-00C04F79EFBC}") = "BookSale.Utility", "BookSale.Utility\BookSale.Utility.csproj", "{3F1925CE-E817-456B-81A8-3A0A1431002D}"
EndProject
Global
	GlobalSection(SolutionConfigurationPlatforms) = preSolution
		Debug|Any CPU = Debug|Any CPU
		Release|Any CPU = Release|Any CPU
	EndGlobalSection
	GlobalSection(ProjectConfigurationPlatforms) = postSolution
		{0393DAB4-EA97-411F-AC65-A91827D74B26}.Debug|Any CPU.ActiveCfg = Debug|Any CPU
		{0393DAB4-EA97-411F-AC65-A91827D74B26}.Debug|Any CPU.Build.0 = Debug|Any CPU
		{0393DAB4-EA97-411F-AC65-A91827D74B26}.Release|Any CPU.ActiveCfg = Release|Any CPU
		{0393DAB4-EA97-411F-AC65-A91827D74B26}.Release|Any CPU.Build.0 = Release|Any CPU
		{0FB17592-F716-4D2B-8BFB-4FF38D2AEF15}.Debug|Any CPU.ActiveCfg = Debug|Any CPU
		{0FB17592-F716-4D2B-8BFB-4FF38D2AEF15}.Debug|Any CPU.Build.0 = Debug|Any CPU
		{0FB17592-F716-4D2B-8BFB-4FF38D2AEF15}.Release|Any CPU.ActiveCfg = Release|Any CPU
		{0FB17592-F716-4D2B-8BFB-4FF38D2AEF15}.Release|Any CPU.Build.0 = Release|Any CPU
		{40CE0225-4DC2-4E94-B76E-B0B06C1856EC}.Debug|Any CPU.ActiveCfg = Debug|Any CPU
		{40CE0225-4DC2-4E94-B76E-B0B06C1856EC}.Debug|Any CPU.Build.0 = Debug|Any CPU
		{40CE0225-4DC2-4E94-B76E-B0B06C1856EC}.Release|Any CPU.ActiveCfg = Release|Any CPU
		{40CE0225-4DC2-4E94-B76E-B0B06C1856EC}.Release|Any CPU.Build.0 = Release|Any CPU
		{3F1925CE-E817-456B-81A8-3A0A1431002D}.Debug|Any CPU.ActiveCfg = Debug|Any CPU
		{3F1925CE-E817-456B-81A8-3A0A1431002D}.Debug|Any CPU.Build.0 = Debug|Any CPU
		{3F1925CE-E817-456B-81A8-3A0A1431002D}.Release|Any CPU.ActiveCfg = Release|Any CPU
		{3F1925CE-E817-456B-81A8-3A0A1431002D}.Release|Any CPU.Build.0 = Release|Any CPU
	EndGlobalSection
	GlobalSection(SolutionProperties) = preSolution
		HideSolutionNode = FALSE
	EndGlobalSection
	GlobalSection(ExtensibilityGlobals) = postSolution
		SolutionGuid = {DA5F307D-3456-4F5F-947E-2609239B3AC3}
	EndGlobalSection
EndGlobal
